
Microsoft Visual Studio Solution File, Format Version 12.00
# Visual Studio 14
VisualStudioVersion = 14.0.24720.0
MinimumVisualStudioVersion = 10.0.40219.1
Project("{FAE04EC0-301F-11D3-BF4B-00C04F79EFBC}") = "EKG", "EKG\EKG.csproj", "{02F74CF3-8AFE-4B44-A5BA-8E4A2D5EC222}"
EndProject
Project("{FAE04EC0-301F-11D3-BF4B-00C04F79EFBC}") = "EKG.TestApp", "EKG.TestApp\EKG.TestApp.csproj", "{7DD9BDC5-D28D-4AE4-9A08-9A7D6A34E036}"
EndProject
Global
	GlobalSection(SolutionConfigurationPlatforms) = preSolution
		Debug|Any CPU = Debug|Any CPU
		Release|Any CPU = Release|Any CPU
	EndGlobalSection
	GlobalSection(ProjectConfigurationPlatforms) = postSolution
		{02F74CF3-8AFE-4B44-A5BA-8E4A2D5EC222}.Debug|Any CPU.ActiveCfg = Debug|Any CPU
		{02F74CF3-8AFE-4B44-A5BA-8E4A2D5EC222}.Debug|Any CPU.Build.0 = Debug|Any CPU
		{02F74CF3-8AFE-4B44-A5BA-8E4A2D5EC222}.Release|Any CPU.ActiveCfg = Release|Any CPU
		{02F74CF3-8AFE-4B44-A5BA-8E4A2D5EC222}.Release|Any CPU.Build.0 = Release|Any CPU
		{7DD9BDC5-D28D-4AE4-9A08-9A7D6A34E036}.Debug|Any CPU.ActiveCfg = Debug|Any CPU
		{7DD9BDC5-D28D-4AE4-9A08-9A7D6A34E036}.Debug|Any CPU.Build.0 = Debug|Any CPU
		{7DD9BDC5-D28D-4AE4-9A08-9A7D6A34E036}.Release|Any CPU.ActiveCfg = Release|Any CPU
		{7DD9BDC5-D28D-4AE4-9A08-9A7D6A34E036}.Release|Any CPU.Build.0 = Release|Any CPU
	EndGlobalSection
	GlobalSection(SolutionProperties) = preSolution
		HideSolutionNode = FALSE
	EndGlobalSection
EndGlobal
